PODS:
  - OMGHTTPURLRQ (3.1.1):
    - OMGHTTPURLRQ/RQ (= 3.1.1)
  - OMGHTTPURLRQ/FormURLEncode (3.1.1)
  - OMGHTTPURLRQ/RQ (3.1.1):
    - OMGHTTPURLRQ/FormURLEncode
    - OMGHTTPURLRQ/UserAgent
  - OMGHTTPURLRQ/UserAgent (3.1.1)
  - PromiseKit (3.0.2):
    - PromiseKit/Foundation (= 3.0.2)
    - PromiseKit/QuartzCore (= 3.0.2)
    - PromiseKit/UIKit (= 3.0.2)
  - PromiseKit/CorePromise (3.0.2)
  - PromiseKit/Foundation (3.0.2):
    - OMGHTTPURLRQ (~> 3.1.0)
    - PromiseKit/CorePromise
  - PromiseKit/QuartzCore (3.0.2):
    - PromiseKit/CorePromise
  - PromiseKit/UIKit (3.0.2):
    - PromiseKit/CorePromise
  - SwiftHTTP (1.0.3)
  - SwiftyJSON (2.3.2)

DEPENDENCIES:
  - PromiseKit (~> 3.0)
  - SwiftHTTP (~> 1.0.3)
  - SwiftyJSON (from `https://github.com/SwiftyJSON/SwiftyJSON.git`)

EXTERNAL SOURCES:
  SwiftyJSON:
    :git: https://github.com/SwiftyJSON/SwiftyJSON.git

CHECKOUT OPTIONS:
  SwiftyJSON:
    :commit: 42bdb102d2624b143c07850ebdc1537d5b6579b6
    :git: https://github.com/SwiftyJSON/SwiftyJSON.git

SPEC CHECKSUMS:
  OMGHTTPURLRQ: 633f98ee745aeda02345935a52eec1784cddb589
  PromiseKit: ab1a380f7a30cf8cce663a2411e8b3580b10313d
  SwiftHTTP: fface018ab365bfb49fa3dca9fdfe77cafccde8b
  SwiftyJSON: 04ccea08915aa0109039157c7974cf0298da292a

COCOAPODS: 0.39.0
