PODS:
  - Alamofire (3.2.0)
  - EZAudio (1.1.5):
    - EZAudio/Full (= 1.1.5)
  - EZAudio/Core (1.1.5)
  - EZAudio/Full (1.1.5):
    - EZAudio/Core
    - TPCircularBuffer (= 1.1)
  - OMGHTTPURLRQ (3.1.1):
    - OMGHTTPURLRQ/RQ (= 3.1.1)
  - OMGHTTPURLRQ/FormURLEncode (3.1.1)
  - OMGHTTPURLRQ/RQ (3.1.1):
    - OMGHTTPURLRQ/FormURLEncode
    - OMGHTTPURLRQ/UserAgent
  - OMGHTTPURLRQ/UserAgent (3.1.1)
  - PromiseKit (3.0.2):
    - PromiseKit/Foundation (= 3.0.2)
    - PromiseKit/QuartzCore (= 3.0.2)
    - PromiseKit/UIKit (= 3.0.2)
  - PromiseKit/CorePromise (3.0.2)
  - PromiseKit/Foundation (3.0.2):
    - OMGHTTPURLRQ (~> 3.1.0)
    - PromiseKit/CorePromise
  - PromiseKit/QuartzCore (3.0.2):
    - PromiseKit/CorePromise
  - PromiseKit/UIKit (3.0.2):
    - PromiseKit/CorePromise
  - SnapKit (0.19.1)
  - SwiftyJSON (2.3.2)
  - TPCircularBuffer (1.1)

DEPENDENCIES:
  - Alamofire
  - EZAudio
  - PromiseKit
  - SnapKit
  - SwiftyJSON (from `https://github.com/SwiftyJSON/SwiftyJSON.git`)

EXTERNAL SOURCES:
  SwiftyJSON:
    :git: https://github.com/SwiftyJSON/SwiftyJSON.git

CHECKOUT OPTIONS:
  SwiftyJSON:
    :commit: 42bdb102d2624b143c07850ebdc1537d5b6579b6
    :git: https://github.com/SwiftyJSON/SwiftyJSON.git

SPEC CHECKSUMS:
  Alamofire: 4da478599fccddff361205c8929333d7fe18dceb
  EZAudio: 3b1cb4b6d7ebca68f0c2478576d75940aad4aa99
  OMGHTTPURLRQ: 633f98ee745aeda02345935a52eec1784cddb589
  PromiseKit: ab1a380f7a30cf8cce663a2411e8b3580b10313d
  SnapKit: eff58d6e3451bf2f482db2eccf86aecf371dc62d
  SwiftyJSON: 04ccea08915aa0109039157c7974cf0298da292a
  TPCircularBuffer: 4960a919e667280f7f38963d771f45871b64fe62

COCOAPODS: 0.39.0
