// !$*UTF8*$!
{
	archiveVersion = 1;
	classes = {
	};
	objectVersion = 46;
	objects = {

/* Begin PBXBuildFile section */
		290FD39887E0AB0E97B1AB44 /* Pods_GoogleVoiceRecognition.framework in Frameworks */ = {isa = PBXBuildFile; fileRef = D6C037F77D6F4A6583621894 /* Pods_GoogleVoiceRecognition.framework */; };
		8F0F3C641C5D523E00747FE4 /* GoogleVoiceRecognition.h in Headers */ = {isa = PBXBuildFile; fileRef = 8F0F3C631C5D523E00747FE4 /* GoogleVoiceRecognition.h */; settings = {ATTRIBUTES = (Public, ); }; };
		8F0F3C6B1C5D523E00747FE4 /* GoogleVoiceRecognition.framework in Frameworks */ = {isa = PBXBuildFile; fileRef = 8F0F3C601C5D523E00747FE4 /* GoogleVoiceRecognition.framework */; };
		8F0F3C701C5D523E00747FE4 /* GoogleVoiceRecognitionTests.swift in Sources */ = {isa = PBXBuildFile; fileRef = 8F0F3C6F1C5D523E00747FE4 /* GoogleVoiceRecognitionTests.swift */; };
		8F186BF61C62B4EC00BFAE72 /* moha.wav in Resources */ = {isa = PBXBuildFile; fileRef = 8F186BF51C62B4EC00BFAE72 /* moha.wav */; };
		8F5E5B691C601F8D00EEA851 /* good-morning.wav in Resources */ = {isa = PBXBuildFile; fileRef = 8F5E5B681C601F8D00EEA851 /* good-morning.wav */; };
		8F8DCD9E1C5EE398002A79A6 /* VoiceRecognition.swift in Sources */ = {isa = PBXBuildFile; fileRef = 8F8DCD9D1C5EE398002A79A6 /* VoiceRecognition.swift */; };
		8F8DCDBF1C5F1B19002A79A6 /* libFLAC.a in Frameworks */ = {isa = PBXBuildFile; fileRef = 8F8DCDBB1C5F1AC8002A79A6 /* libFLAC.a */; };
		8F8DCDC11C5F1C0E002A79A6 /* FLAC.framework in Frameworks */ = {isa = PBXBuildFile; fileRef = 8F8DCDC01C5F1C0E002A79A6 /* FLAC.framework */; };
		8F8DCDC31C5F1C19002A79A6 /* ogg.framework in Frameworks */ = {isa = PBXBuildFile; fileRef = 8F8DCDC21C5F1C19002A79A6 /* ogg.framework */; };
		8F8DCDD51C5F3C65002A79A6 /* test-speech-meizi.wav in Resources */ = {isa = PBXBuildFile; fileRef = 8F8DCDD41C5F3C65002A79A6 /* test-speech-meizi.wav */; };
		EB9754173B6D0A4826319E00 /* Pods_GoogleVoiceRecognition.framework in Frameworks */ = {isa = PBXBuildFile; fileRef = D6C037F77D6F4A6583621894 /* Pods_GoogleVoiceRecognition.framework */; };
/* End PBXBuildFile section */

/* Begin PBXContainerItemProxy section */
		8F0F3C6C1C5D523E00747FE4 /* PBXContainerItemProxy */ = {
			isa = PBXContainerItemProxy;
			containerPortal = 8F0F3C571C5D523E00747FE4 /* Project object */;
			proxyType = 1;
			remoteGlobalIDString = 8F0F3C5F1C5D523E00747FE4;
			remoteInfo = GoogleVoiceRecognition;
		};
/* End PBXContainerItemProxy section */

/* Begin PBXFileReference section */
		2A551C1AF8912DF24C7DABCB /* Pods-GoogleVoiceRecognition.debug.xcconfig */ = {isa = PBXFileReference; includeInIndex = 1; lastKnownFileType = text.xcconfig; name = "Pods-GoogleVoiceRecognition.debug.xcconfig"; path = "../Pods/Target Support Files/Pods-GoogleVoiceRecognition/Pods-GoogleVoiceRecognition.debug.xcconfig"; sourceTree = "<group>"; };
		8F0F3C601C5D523E00747FE4 /* GoogleVoiceRecognition.framework */ = {isa = PBXFileReference; explicitFileType = wrapper.framework; includeInIndex = 0; path = GoogleVoiceRecognition.framework; sourceTree = BUILT_PRODUCTS_DIR; };
		8F0F3C631C5D523E00747FE4 /* GoogleVoiceRecognition.h */ = {isa = PBXFileReference; lastKnownFileType = sourcecode.c.h; path = GoogleVoiceRecognition.h; sourceTree = "<group>"; };
		8F0F3C651C5D523E00747FE4 /* Info.plist */ = {isa = PBXFileReference; lastKnownFileType = text.plist.xml; path = Info.plist; sourceTree = "<group>"; };
		8F0F3C6A1C5D523E00747FE4 /* GoogleVoiceRecognitionTests.xctest */ = {isa = PBXFileReference; explicitFileType = wrapper.cfbundle; includeInIndex = 0; path = GoogleVoiceRecognitionTests.xctest; sourceTree = BUILT_PRODUCTS_DIR; };
		8F0F3C6F1C5D523E00747FE4 /* GoogleVoiceRecognitionTests.swift */ = {isa = PBXFileReference; lastKnownFileType = sourcecode.swift; path = GoogleVoiceRecognitionTests.swift; sourceTree = "<group>"; };
		8F0F3C711C5D523E00747FE4 /* Info.plist */ = {isa = PBXFileReference; lastKnownFileType = text.plist.xml; path = Info.plist; sourceTree = "<group>"; };
		8F186BF51C62B4EC00BFAE72 /* moha.wav */ = {isa = PBXFileReference; lastKnownFileType = audio.wav; path = moha.wav; sourceTree = "<group>"; };
		8F5E5B681C601F8D00EEA851 /* good-morning.wav */ = {isa = PBXFileReference; lastKnownFileType = audio.wav; path = "good-morning.wav"; sourceTree = "<group>"; };
		8F8DCD9D1C5EE398002A79A6 /* VoiceRecognition.swift */ = {isa = PBXFileReference; fileEncoding = 4; lastKnownFileType = sourcecode.swift; name = VoiceRecognition.swift; path = Source/VoiceRecognition.swift; sourceTree = "<group>"; };
		8F8DCDB51C5F1420002A79A6 /* libFLAC.a */ = {isa = PBXFileReference; lastKnownFileType = archive.ar; name = libFLAC.a; path = ../flac/build/Debug/libFLAC.a; sourceTree = "<group>"; };
		8F8DCDB71C5F1427002A79A6 /* ogg.framework */ = {isa = PBXFileReference; lastKnownFileType = wrapper.framework; name = ogg.framework; path = ../ogg/build/Debug/ogg.framework; sourceTree = "<group>"; };
		8F8DCDB91C5F142B002A79A6 /* FLAC.framework */ = {isa = PBXFileReference; lastKnownFileType = wrapper.framework; name = FLAC.framework; path = ../flac/build/Debug/FLAC.framework; sourceTree = "<group>"; };
		8F8DCDBB1C5F1AC8002A79A6 /* libFLAC.a */ = {isa = PBXFileReference; lastKnownFileType = archive.ar; name = libFLAC.a; path = "../../../Library/Developer/Xcode/DerivedData/Singularity-dzcienpqyqoxqadxuskxzywijwgz/Build/Products/Debug/libFLAC.a"; sourceTree = "<group>"; };
		8F8DCDC01C5F1C0E002A79A6 /* FLAC.framework */ = {isa = PBXFileReference; lastKnownFileType = wrapper.framework; name = FLAC.framework; path = "../../../Library/Developer/Xcode/DerivedData/Singularity-dzcienpqyqoxqadxuskxzywijwgz/Build/Products/Debug/FLAC.framework"; sourceTree = "<group>"; };
		8F8DCDC21C5F1C19002A79A6 /* ogg.framework */ = {isa = PBXFileReference; lastKnownFileType = wrapper.framework; name = ogg.framework; path = "../../../Library/Developer/Xcode/DerivedData/Singularity-dzcienpqyqoxqadxuskxzywijwgz/Build/Products/Debug/ogg.framework"; sourceTree = "<group>"; };
		8F8DCDD41C5F3C65002A79A6 /* test-speech-meizi.wav */ = {isa = PBXFileReference; lastKnownFileType = audio.wav; path = "test-speech-meizi.wav"; sourceTree = "<group>"; };
		CD0F0C30F1583901349BCBE8 /* Pods-GoogleVoiceRecognition.release.xcconfig */ = {isa = PBXFileReference; includeInIndex = 1; lastKnownFileType = text.xcconfig; name = "Pods-GoogleVoiceRecognition.release.xcconfig"; path = "../Pods/Target Support Files/Pods-GoogleVoiceRecognition/Pods-GoogleVoiceRecognition.release.xcconfig"; sourceTree = "<group>"; };
		D6C037F77D6F4A6583621894 /* Pods_GoogleVoiceRecognition.framework */ = {isa = PBXFileReference; explicitFileType = wrapper.framework; includeInIndex = 0; path = Pods_GoogleVoiceRecognition.framework; sourceTree = BUILT_PRODUCTS_DIR; };
/* End PBXFileReference section */

/* Begin PBXFrameworksBuildPhase section */
		8F0F3C5C1C5D523E00747FE4 /* Frameworks */ = {
			isa = PBXFrameworksBuildPhase;
			buildActionMask = 2147483647;
			files = (
				8F8DCDC11C5F1C0E002A79A6 /* FLAC.framework in Frameworks */,
				8F8DCDC31C5F1C19002A79A6 /* ogg.framework in Frameworks */,
				8F8DCDBF1C5F1B19002A79A6 /* libFLAC.a in Frameworks */,
				290FD39887E0AB0E97B1AB44 /* Pods_GoogleVoiceRecognition.framework in Frameworks */,
				EB9754173B6D0A4826319E00 /* Pods_GoogleVoiceRecognition.framework in Frameworks */,
			);
			runOnlyForDeploymentPostprocessing = 0;
		};
		8F0F3C671C5D523E00747FE4 /* Frameworks */ = {
			isa = PBXFrameworksBuildPhase;
			buildActionMask = 2147483647;
			files = (
				8F0F3C6B1C5D523E00747FE4 /* GoogleVoiceRecognition.framework in Frameworks */,
			);
			runOnlyForDeploymentPostprocessing = 0;
		};
/* End PBXFrameworksBuildPhase section */

/* Begin PBXGroup section */
		04371E712BA7FAE196344927 /* Pods */ = {
			isa = PBXGroup;
			children = (
				2A551C1AF8912DF24C7DABCB /* Pods-GoogleVoiceRecognition.debug.xcconfig */,
				CD0F0C30F1583901349BCBE8 /* Pods-GoogleVoiceRecognition.release.xcconfig */,
			);
			name = Pods;
			sourceTree = "<group>";
		};
		485E95D47E046091D8D46F9B /* Frameworks */ = {
			isa = PBXGroup;
			children = (
				8F8DCDC21C5F1C19002A79A6 /* ogg.framework */,
				8F8DCDC01C5F1C0E002A79A6 /* FLAC.framework */,
				8F8DCDBB1C5F1AC8002A79A6 /* libFLAC.a */,
				8F8DCDB91C5F142B002A79A6 /* FLAC.framework */,
				8F8DCDB71C5F1427002A79A6 /* ogg.framework */,
				8F8DCDB51C5F1420002A79A6 /* libFLAC.a */,
				D6C037F77D6F4A6583621894 /* Pods_GoogleVoiceRecognition.framework */,
			);
			name = Frameworks;
			sourceTree = "<group>";
		};
		8F0F3C561C5D523E00747FE4 = {
			isa = PBXGroup;
			children = (
				8F186BF51C62B4EC00BFAE72 /* moha.wav */,
				8F5E5B681C601F8D00EEA851 /* good-morning.wav */,
				8F8DCDD41C5F3C65002A79A6 /* test-speech-meizi.wav */,
				8F8DCD9C1C5EE35C002A79A6 /* Source */,
				8F0F3C621C5D523E00747FE4 /* GoogleVoiceRecognition */,
				8F0F3C6E1C5D523E00747FE4 /* GoogleVoiceRecognitionTests */,
				8F0F3C611C5D523E00747FE4 /* Products */,
				04371E712BA7FAE196344927 /* Pods */,
				485E95D47E046091D8D46F9B /* Frameworks */,
			);
			sourceTree = "<group>";
		};
		8F0F3C611C5D523E00747FE4 /* Products */ = {
			isa = PBXGroup;
			children = (
				8F0F3C601C5D523E00747FE4 /* GoogleVoiceRecognition.framework */,
				8F0F3C6A1C5D523E00747FE4 /* GoogleVoiceRecognitionTests.xctest */,
			);
			name = Products;
			sourceTree = "<group>";
		};
		8F0F3C621C5D523E00747FE4 /* GoogleVoiceRecognition */ = {
			isa = PBXGroup;
			children = (
				8F0F3C631C5D523E00747FE4 /* GoogleVoiceRecognition.h */,
				8F0F3C651C5D523E00747FE4 /* Info.plist */,
			);
			path = GoogleVoiceRecognition;
			sourceTree = "<group>";
		};
		8F0F3C6E1C5D523E00747FE4 /* GoogleVoiceRecognitionTests */ = {
			isa = PBXGroup;
			children = (
				8F0F3C6F1C5D523E00747FE4 /* GoogleVoiceRecognitionTests.swift */,
				8F0F3C711C5D523E00747FE4 /* Info.plist */,
			);
			path = GoogleVoiceRecognitionTests;
			sourceTree = "<group>";
		};
		8F8DCD9C1C5EE35C002A79A6 /* Source */ = {
			isa = PBXGroup;
			children = (
				8F8DCD9D1C5EE398002A79A6 /* VoiceRecognition.swift */,
			);
			name = Source;
			sourceTree = "<group>";
		};
/* End PBXGroup section */

/* Begin PBXHeadersBuildPhase section */
		8F0F3C5D1C5D523E00747FE4 /* Headers */ = {
			isa = PBXHeadersBuildPhase;
			buildActionMask = 2147483647;
			files = (
				8F0F3C641C5D523E00747FE4 /* GoogleVoiceRecognition.h in Headers */,
			);
			runOnlyForDeploymentPostprocessing = 0;
		};
/* End PBXHeadersBuildPhase section */

/* Begin PBXNativeTarget section */
		8F0F3C5F1C5D523E00747FE4 /* GoogleVoiceRecognition */ = {
			isa = PBXNativeTarget;
			buildConfigurationList = 8F0F3C741C5D523E00747FE4 /* Build configuration list for PBXNativeTarget "GoogleVoiceRecognition" */;
			buildPhases = (
				913D9E63CB671224869C666D /* Check Pods Manifest.lock */,
				8F0F3C5B1C5D523E00747FE4 /* Sources */,
				8F0F3C5C1C5D523E00747FE4 /* Frameworks */,
				8F0F3C5D1C5D523E00747FE4 /* Headers */,
				8F0F3C5E1C5D523E00747FE4 /* Resources */,
				93DB0A181BBF26634090C388 /* Copy Pods Resources */,
			);
			buildRules = (
			);
			dependencies = (
			);
			name = GoogleVoiceRecognition;
			productName = GoogleVoiceRecognition;
			productReference = 8F0F3C601C5D523E00747FE4 /* GoogleVoiceRecognition.framework */;
			productType = "com.apple.product-type.framework";
		};
		8F0F3C691C5D523E00747FE4 /* GoogleVoiceRecognitionTests */ = {
			isa = PBXNativeTarget;
			buildConfigurationList = 8F0F3C771C5D523E00747FE4 /* Build configuration list for PBXNativeTarget "GoogleVoiceRecognitionTests" */;
			buildPhases = (
				8F0F3C661C5D523E00747FE4 /* Sources */,
				8F0F3C671C5D523E00747FE4 /* Frameworks */,
				8F0F3C681C5D523E00747FE4 /* Resources */,
			);
			buildRules = (
			);
			dependencies = (
				8F0F3C6D1C5D523E00747FE4 /* PBXTargetDependency */,
			);
			name = GoogleVoiceRecognitionTests;
			productName = GoogleVoiceRecognitionTests;
			productReference = 8F0F3C6A1C5D523E00747FE4 /* GoogleVoiceRecognitionTests.xctest */;
			productType = "com.apple.product-type.bundle.unit-test";
		};
/* End PBXNativeTarget section */

/* Begin PBXProject section */
		8F0F3C571C5D523E00747FE4 /* Project object */ = {
			isa = PBXProject;
			attributes = {
				LastSwiftUpdateCheck = 0720;
				LastUpgradeCheck = 0720;
				ORGANIZATIONNAME = "Yifei Teng";
				TargetAttributes = {
					8F0F3C5F1C5D523E00747FE4 = {
						CreatedOnToolsVersion = 7.2;
					};
					8F0F3C691C5D523E00747FE4 = {
						CreatedOnToolsVersion = 7.2;
					};
				};
			};
			buildConfigurationList = 8F0F3C5A1C5D523E00747FE4 /* Build configuration list for PBXProject "GoogleVoiceRecognition" */;
			compatibilityVersion = "Xcode 3.2";
			developmentRegion = English;
			hasScannedForEncodings = 0;
			knownRegions = (
				en,
			);
			mainGroup = 8F0F3C561C5D523E00747FE4;
			productRefGroup = 8F0F3C611C5D523E00747FE4 /* Products */;
			projectDirPath = "";
			projectRoot = "";
			targets = (
				8F0F3C5F1C5D523E00747FE4 /* GoogleVoiceRecognition */,
				8F0F3C691C5D523E00747FE4 /* GoogleVoiceRecognitionTests */,
			);
		};
/* End PBXProject section */

/* Begin PBXResourcesBuildPhase section */
		8F0F3C5E1C5D523E00747FE4 /* Resources */ = {
			isa = PBXResourcesBuildPhase;
			buildActionMask = 2147483647;
			files = (
			);
			runOnlyForDeploymentPostprocessing = 0;
		};
		8F0F3C681C5D523E00747FE4 /* Resources */ = {
			isa = PBXResourcesBuildPhase;
			buildActionMask = 2147483647;
			files = (
				8F186BF61C62B4EC00BFAE72 /* moha.wav in Resources */,
				8F5E5B691C601F8D00EEA851 /* good-morning.wav in Resources */,
				8F8DCDD51C5F3C65002A79A6 /* test-speech-meizi.wav in Resources */,
			);
			runOnlyForDeploymentPostprocessing = 0;
		};
/* End PBXResourcesBuildPhase section */

/* Begin PBXShellScriptBuildPhase section */
		913D9E63CB671224869C666D /* Check Pods Manifest.lock */ = {
			isa = PBXShellScriptBuildPhase;
			buildActionMask = 2147483647;
			files = (
			);
			inputPaths = (
			);
			name = "Check Pods Manifest.lock";
			outputPaths = (
			);
			runOnlyForDeploymentPostprocessing = 0;
			shellPath = /bin/sh;
			shellScript = "diff \"${PODS_ROOT}/../Podfile.lock\" \"${PODS_ROOT}/Manifest.lock\" > /dev/null\nif [[ $? != 0 ]] ; then\n    cat << EOM\nerror: The sandbox is not in sync with the Podfile.lock. Run 'pod install' or update your CocoaPods installation.\nEOM\n    exit 1\nfi\n";
			showEnvVarsInLog = 0;
		};
		93DB0A181BBF26634090C388 /* Copy Pods Resources */ = {
			isa = PBXShellScriptBuildPhase;
			buildActionMask = 2147483647;
			files = (
			);
			inputPaths = (
			);
			name = "Copy Pods Resources";
			outputPaths = (
			);
			runOnlyForDeploymentPostprocessing = 0;
			shellPath = /bin/sh;
			shellScript = "\"${SRCROOT}/../Pods/Target Support Files/Pods-GoogleVoiceRecognition/Pods-GoogleVoiceRecognition-resources.sh\"\n";
			showEnvVarsInLog = 0;
		};
/* End PBXShellScriptBuildPhase section */

/* Begin PBXSourcesBuildPhase section */
		8F0F3C5B1C5D523E00747FE4 /* Sources */ = {
			isa = PBXSourcesBuildPhase;
			buildActionMask = 2147483647;
			files = (
				8F8DCD9E1C5EE398002A79A6 /* VoiceRecognition.swift in Sources */,
			);
			runOnlyForDeploymentPostprocessing = 0;
		};
		8F0F3C661C5D523E00747FE4 /* Sources */ = {
			isa = PBXSourcesBuildPhase;
			buildActionMask = 2147483647;
			files = (
				8F0F3C701C5D523E00747FE4 /* GoogleVoiceRecognitionTests.swift in Sources */,
			);
			runOnlyForDeploymentPostprocessing = 0;
		};
/* End PBXSourcesBuildPhase section */

/* Begin PBXTargetDependency section */
		8F0F3C6D1C5D523E00747FE4 /* PBXTargetDependency */ = {
			isa = PBXTargetDependency;
			target = 8F0F3C5F1C5D523E00747FE4 /* GoogleVoiceRecognition */;
			targetProxy = 8F0F3C6C1C5D523E00747FE4 /* PBXContainerItemProxy */;
		};
/* End PBXTargetDependency section */

/* Begin XCBuildConfiguration section */
		8F0F3C721C5D523E00747FE4 /* Debug */ = {
			isa = XCBuildConfiguration;
			buildSettings = {
				ALWAYS_SEARCH_USER_PATHS = NO;
				CLANG_CXX_LANGUAGE_STANDARD = "gnu++0x";
				CLANG_CXX_LIBRARY = "libc++";
				CLANG_ENABLE_MODULES = YES;
				CLANG_ENABLE_OBJC_ARC = YES;
				CLANG_WARN_BOOL_CONVERSION = YES;
				CLANG_WARN_CONSTANT_CONVERSION = YES;
				CLANG_WARN_DIRECT_OBJC_ISA_USAGE = YES_ERROR;
				CLANG_WARN_EMPTY_BODY = YES;
				CLANG_WARN_ENUM_CONVERSION = YES;
				CLANG_WARN_INT_CONVERSION = YES;
				CLANG_WARN_OBJC_ROOT_CLASS = YES_ERROR;
				CLANG_WARN_UNREACHABLE_CODE = YES;
				CLANG_WARN__DUPLICATE_METHOD_MATCH = YES;
				CODE_SIGN_IDENTITY = "-";
				COPY_PHASE_STRIP = NO;
				CURRENT_PROJECT_VERSION = 1;
				DEBUG_INFORMATION_FORMAT = dwarf;
				ENABLE_STRICT_OBJC_MSGSEND = YES;
				ENABLE_TESTABILITY = YES;
				GCC_C_LANGUAGE_STANDARD = gnu99;
				GCC_DYNAMIC_NO_PIC = NO;
				GCC_NO_COMMON_BLOCKS = YES;
				GCC_OPTIMIZATION_LEVEL = 0;
				GCC_PREPROCESSOR_DEFINITIONS = (
					"DEBUG=1",
					"$(inherited)",
				);
				GCC_WARN_64_TO_32_BIT_CONVERSION = YES;
				GCC_WARN_ABOUT_RETURN_TYPE = YES_ERROR;
				GCC_WARN_UNDECLARED_SELECTOR = YES;
				GCC_WARN_UNINITIALIZED_AUTOS = YES_AGGRESSIVE;
				GCC_WARN_UNUSED_FUNCTION = YES;
				GCC_WARN_UNUSED_VARIABLE = YES;
				MACOSX_DEPLOYMENT_TARGET = 10.11;
				MTL_ENABLE_DEBUG_INFO = YES;
				ONLY_ACTIVE_ARCH = YES;
				SDKROOT = macosx;
				SWIFT_OPTIMIZATION_LEVEL = "-Onone";
				VERSIONING_SYSTEM = "apple-generic";
				VERSION_INFO_PREFIX = "";
			};
			name = Debug;
		};
		8F0F3C731C5D523E00747FE4 /* Release */ = {
			isa = XCBuildConfiguration;
			buildSettings = {
				ALWAYS_SEARCH_USER_PATHS = NO;
				CLANG_CXX_LANGUAGE_STANDARD = "gnu++0x";
				CLANG_CXX_LIBRARY = "libc++";
				CLANG_ENABLE_MODULES = YES;
				CLANG_ENABLE_OBJC_ARC = YES;
				CLANG_WARN_BOOL_CONVERSION = YES;
				CLANG_WARN_CONSTANT_CONVERSION = YES;
				CLANG_WARN_DIRECT_OBJC_ISA_USAGE = YES_ERROR;
				CLANG_WARN_EMPTY_BODY = YES;
				CLANG_WARN_ENUM_CONVERSION = YES;
				CLANG_WARN_INT_CONVERSION = YES;
				CLANG_WARN_OBJC_ROOT_CLASS = YES_ERROR;
				CLANG_WARN_UNREACHABLE_CODE = YES;
				CLANG_WARN__DUPLICATE_METHOD_MATCH = YES;
				CODE_SIGN_IDENTITY = "-";
				COPY_PHASE_STRIP = NO;
				CURRENT_PROJECT_VERSION = 1;
				DEBUG_INFORMATION_FORMAT = "dwarf-with-dsym";
				ENABLE_NS_ASSERTIONS = NO;
				ENABLE_STRICT_OBJC_MSGSEND = YES;
				GCC_C_LANGUAGE_STANDARD = gnu99;
				GCC_NO_COMMON_BLOCKS = YES;
				GCC_WARN_64_TO_32_BIT_CONVERSION = YES;
				GCC_WARN_ABOUT_RETURN_TYPE = YES_ERROR;
				GCC_WARN_UNDECLARED_SELECTOR = YES;
				GCC_WARN_UNINITIALIZED_AUTOS = YES_AGGRESSIVE;
				GCC_WARN_UNUSED_FUNCTION = YES;
				GCC_WARN_UNUSED_VARIABLE = YES;
				MACOSX_DEPLOYMENT_TARGET = 10.11;
				MTL_ENABLE_DEBUG_INFO = NO;
				SDKROOT = macosx;
				VERSIONING_SYSTEM = "apple-generic";
				VERSION_INFO_PREFIX = "";
			};
			name = Release;
		};
		8F0F3C751C5D523E00747FE4 /* Debug */ = {
			isa = XCBuildConfiguration;
			baseConfigurationReference = 2A551C1AF8912DF24C7DABCB /* Pods-GoogleVoiceRecognition.debug.xcconfig */;
			buildSettings = {
				CLANG_ENABLE_MODULES = YES;
				COMBINE_HIDPI_IMAGES = YES;
				DEFINES_MODULE = YES;
				DYLIB_COMPATIBILITY_VERSION = 1;
				DYLIB_CURRENT_VERSION = 1;
				DYLIB_INSTALL_NAME_BASE = "@rpath";
				FRAMEWORK_VERSION = A;
				INFOPLIST_FILE = GoogleVoiceRecognition/Info.plist;
				INSTALL_PATH = "$(LOCAL_LIBRARY_DIR)/Frameworks";
				LD_RUNPATH_SEARCH_PATHS = "$(inherited) @executable_path/../Frameworks @loader_path/Frameworks";
				PRODUCT_BUNDLE_IDENTIFIER = Yifei.GoogleVoiceRecognition;
				PRODUCT_NAME = "$(TARGET_NAME)";
				SKIP_INSTALL = YES;
				SWIFT_INCLUDE_PATHS = "${SRCROOT}/Flac";
				SWIFT_OPTIMIZATION_LEVEL = "-Onone";
			};
			name = Debug;
		};
		8F0F3C761C5D523E00747FE4 /* Release */ = {
			isa = XCBuildConfiguration;
			baseConfigurationReference = CD0F0C30F1583901349BCBE8 /* Pods-GoogleVoiceRecognition.release.xcconfig */;
			buildSettings = {
				CLANG_ENABLE_MODULES = YES;
				COMBINE_HIDPI_IMAGES = YES;
				DEFINES_MODULE = YES;
				DYLIB_COMPATIBILITY_VERSION = 1;
				DYLIB_CURRENT_VERSION = 1;
				DYLIB_INSTALL_NAME_BASE = "@rpath";
				FRAMEWORK_VERSION = A;
				INFOPLIST_FILE = GoogleVoiceRecognition/Info.plist;
				INSTALL_PATH = "$(LOCAL_LIBRARY_DIR)/Frameworks";
				LD_RUNPATH_SEARCH_PATHS = "$(inherited) @executable_path/../Frameworks @loader_path/Frameworks";
				PRODUCT_BUNDLE_IDENTIFIER = Yifei.GoogleVoiceRecognition;
				PRODUCT_NAME = "$(TARGET_NAME)";
				SKIP_INSTALL = YES;
				SWIFT_INCLUDE_PATHS = "${SRCROOT}/Flac";
			};
			name = Release;
		};
		8F0F3C781C5D523E00747FE4 /* Debug */ = {
			isa = XCBuildConfiguration;
			buildSettings = {
				COMBINE_HIDPI_IMAGES = YES;
				INFOPLIST_FILE = GoogleVoiceRecognitionTests/Info.plist;
				LD_RUNPATH_SEARCH_PATHS = "$(inherited) @executable_path/../Frameworks @loader_path/../Frameworks";
				PRODUCT_BUNDLE_IDENTIFIER = Yifei.GoogleVoiceRecognitionTests;
				PRODUCT_NAME = "$(TARGET_NAME)";
				SWIFT_INCLUDE_PATHS = "${SRCROOT}/Flac";
			};
			name = Debug;
		};
		8F0F3C791C5D523E00747FE4 /* Release */ = {
			isa = XCBuildConfiguration;
			buildSettings = {
				COMBINE_HIDPI_IMAGES = YES;
				INFOPLIST_FILE = GoogleVoiceRecognitionTests/Info.plist;
				LD_RUNPATH_SEARCH_PATHS = "$(inherited) @executable_path/../Frameworks @loader_path/../Frameworks";
				PRODUCT_BUNDLE_IDENTIFIER = Yifei.GoogleVoiceRecognitionTests;
				PRODUCT_NAME = "$(TARGET_NAME)";
				SWIFT_INCLUDE_PATHS = "${SRCROOT}/Flac";
			};
			name = Release;
		};
/* End XCBuildConfiguration section */

/* Begin XCConfigurationList section */
		8F0F3C5A1C5D523E00747FE4 /* Build configuration list for PBXProject "GoogleVoiceRecognition" */ = {
			isa = XCConfigurationList;
			buildConfigurations = (
				8F0F3C721C5D523E00747FE4 /* Debug */,
				8F0F3C731C5D523E00747FE4 /* Release */,
			);
			defaultConfigurationIsVisible = 0;
			defaultConfigurationName = Release;
		};
		8F0F3C741C5D523E00747FE4 /* Build configuration list for PBXNativeTarget "GoogleVoiceRecognition" */ = {
			isa = XCConfigurationList;
			buildConfigurations = (
				8F0F3C751C5D523E00747FE4 /* Debug */,
				8F0F3C761C5D523E00747FE4 /* Release */,
			);
			defaultConfigurationIsVisible = 0;
			defaultConfigurationName = Release;
		};
		8F0F3C771C5D523E00747FE4 /* Build configuration list for PBXNativeTarget "GoogleVoiceRecognitionTests" */ = {
			isa = XCConfigurationList;
			buildConfigurations = (
				8F0F3C781C5D523E00747FE4 /* Debug */,
				8F0F3C791C5D523E00747FE4 /* Release */,
			);
			defaultConfigurationIsVisible = 0;
			defaultConfigurationName = Release;
		};
/* End XCConfigurationList section */
	};
	rootObject = 8F0F3C571C5D523E00747FE4 /* Project object */;
}
